// !$*UTF8*$!
{
	archiveVersion = 1;
	classes = {
	};
	objectVersion = 46;
	objects = {

/* Begin PBXBuildFile section */
		145CDD9A190DA5E200F179E5 /* Foundation.framework in Frameworks */ = {isa = PBXBuildFile; fileRef = 145CDD99190DA5E200F179E5 /* Foundation.framework */; };
		145CDD9C190DA5E200F179E5 /* CoreGraphics.framework in Frameworks */ = {isa = PBXBuildFile; fileRef = 145CDD9B190DA5E200F179E5 /* CoreGraphics.framework */; };
		145CDD9E190DA5E200F179E5 /* UIKit.framework in Frameworks */ = {isa = PBXBuildFile; fileRef = 145CDD9D190DA5E200F179E5 /* UIKit.framework */; };
		145CDDA4190DA5E200F179E5 /* InfoPlist.strings in Resources */ = {isa = PBXBuildFile; fileRef = 145CDDA2190DA5E200F179E5 /* InfoPlist.strings */; };
		145CDDA6190DA5E200F179E5 /* main.m in Sources */ = {isa = PBXBuildFile; fileRef = 145CDDA5190DA5E200F179E5 /* main.m */; };
		145CDDAA190DA5E200F179E5 /* AppDelegate.m in Sources */ = {isa = PBXBuildFile; fileRef = 145CDDA9190DA5E200F179E5 /* AppDelegate.m */; };
		145CDDAD190DA5E200F179E5 /* Main.storyboard in Resources */ = {isa = PBXBuildFile; fileRef = 145CDDAB190DA5E200F179E5 /* Main.storyboard */; };
		145CDDB0190DA5E200F179E5 /* ViewController.m in Sources */ = {isa = PBXBuildFile; fileRef = 145CDDAF190DA5E200F179E5 /* ViewController.m */; };
		145CDDB9190DA5E200F179E5 /* XCTest.framework in Frameworks */ = {isa = PBXBuildFile; fileRef = 145CDDB8190DA5E200F179E5 /* XCTest.framework */; };
		145CDDBA190DA5E200F179E5 /* Foundation.framework in Frameworks */ = {isa = PBXBuildFile; fileRef = 145CDD99190DA5E200F179E5 /* Foundation.framework */; };
		145CDDBB190DA5E200F179E5 /* UIKit.framework in Frameworks */ = {isa = PBXBuildFile; fileRef = 145CDD9D190DA5E200F179E5 /* UIKit.framework */; };
		145CDDC3190DA5E200F179E5 /* InfoPlist.strings in Resources */ = {isa = PBXBuildFile; fileRef = 145CDDC1190DA5E200F179E5 /* InfoPlist.strings */; };
		145CDDC5190DA5E200F179E5 /* ToeTacticsTests.m in Sources */ = {isa = PBXBuildFile; fileRef = 145CDDC4190DA5E200F179E5 /* ToeTacticsTests.m */; };
		145CDDCF190DAF7400F179E5 /* Media.xcassets in Resources */ = {isa = PBXBuildFile; fileRef = 145CDDCE190DAF7400F179E5 /* Media.xcassets */; };
		145CDDD9190DB01F00F179E5 /* Images.xcassets in Resources */ = {isa = PBXBuildFile; fileRef = 145CDDD8190DB01F00F179E5 /* Images.xcassets */; };
		145CDDDC190DB55700F179E5 /* BoardCell.m in Sources */ = {isa = PBXBuildFile; fileRef = 145CDDDB190DB55700F179E5 /* BoardCell.m */; };
		145CDDDF190DCE8700F179E5 /* Player.m in Sources */ = {isa = PBXBuildFile; fileRef = 145CDDDE190DCE8700F179E5 /* Player.m */; };
		145CDDE2190DD5B700F179E5 /* GameController.m in Sources */ = {isa = PBXBuildFile; fileRef = 145CDDE1190DD5B700F179E5 /* GameController.m */; };
/* End PBXBuildFile section */

/* Begin PBXContainerItemProxy section */
		145CDDBC190DA5E200F179E5 /* PBXContainerItemProxy */ = {
			isa = PBXContainerItemProxy;
			containerPortal = 145CDD8E190DA5E200F179E5 /* Project object */;
			proxyType = 1;
			remoteGlobalIDString = 145CDD95190DA5E200F179E5;
			remoteInfo = ToeTactics;
		};
/* End PBXContainerItemProxy section */

/* Begin PBXFileReference section */
		145CDD96190DA5E200F179E5 /* ToeTactics.app */ = {isa = PBXFileReference; explicitFileType = wrapper.application; includeInIndex = 0; path = ToeTactics.app; sourceTree = BUILT_PRODUCTS_DIR; };
		145CDD99190DA5E200F179E5 /* Foundation.framework */ = {isa = PBXFileReference; lastKnownFileType = wrapper.framework; name = Foundation.framework; path = System/Library/Frameworks/Foundation.framework; sourceTree = SDKROOT; };
		145CDD9B190DA5E200F179E5 /* CoreGraphics.framework */ = {isa = PBXFileReference; lastKnownFileType = wrapper.framework; name = CoreGraphics.framework; path = System/Library/Frameworks/CoreGraphics.framework; sourceTree = SDKROOT; };
		145CDD9D190DA5E200F179E5 /* UIKit.framework */ = {isa = PBXFileReference; lastKnownFileType = wrapper.framework; name = UIKit.framework; path = System/Library/Frameworks/UIKit.framework; sourceTree = SDKROOT; };
		145CDDA1190DA5E200F179E5 /* ToeTactics-Info.plist */ = {isa = PBXFileReference; lastKnownFileType = text.plist.xml; path = "ToeTactics-Info.plist"; sourceTree = "<group>"; };
		145CDDA3190DA5E200F179E5 /* en */ = {isa = PBXFileReference; lastKnownFileType = text.plist.strings; name = en; path = en.lproj/InfoPlist.strings; sourceTree = "<group>"; };
		145CDDA5190DA5E200F179E5 /* main.m */ = {isa = PBXFileReference; lastKnownFileType = sourcecode.c.objc; path = main.m; sourceTree = "<group>"; };
		145CDDA7190DA5E200F179E5 /* ToeTactics-Prefix.pch */ = {isa = PBXFileReference; lastKnownFileType = sourcecode.c.h; path = "ToeTactics-Prefix.pch"; sourceTree = "<group>"; };
		145CDDA8190DA5E200F179E5 /* AppDelegate.h */ = {isa = PBXFileReference; lastKnownFileType = sourcecode.c.h; path = AppDelegate.h; sourceTree = "<group>"; };
		145CDDA9190DA5E200F179E5 /* AppDelegate.m */ = {isa = PBXFileReference; lastKnownFileType = sourcecode.c.objc; path = AppDelegate.m; sourceTree = "<group>"; };
		145CDDAC190DA5E200F179E5 /* Base */ = {isa = PBXFileReference; lastKnownFileType = file.storyboard; name = Base; path = Base.lproj/Main.storyboard; sourceTree = "<group>"; };
		145CDDAE190DA5E200F179E5 /* ViewController.h */ = {isa = PBXFileReference; lastKnownFileType = sourcecode.c.h; path = ViewController.h; sourceTree = "<group>"; };
		145CDDAF190DA5E200F179E5 /* ViewController.m */ = {isa = PBXFileReference; lastKnownFileType = sourcecode.c.objc; path = ViewController.m; sourceTree = "<group>"; };
		145CDDB7190DA5E200F179E5 /* ToeTacticsTests.xctest */ = {isa = PBXFileReference; explicitFileType = wrapper.cfbundle; includeInIndex = 0; path = ToeTacticsTests.xctest; sourceTree = BUILT_PRODUCTS_DIR; };
		145CDDB8190DA5E200F179E5 /* XCTest.framework */ = {isa = PBXFileReference; lastKnownFileType = wrapper.framework; name = XCTest.framework; path = Library/Frameworks/XCTest.framework; sourceTree = DEVELOPER_DIR; };
		145CDDC0190DA5E200F179E5 /* ToeTacticsTests-Info.plist */ = {isa = PBXFileReference; lastKnownFileType = text.plist.xml; path = "ToeTacticsTests-Info.plist"; sourceTree = "<group>"; };
		145CDDC2190DA5E200F179E5 /* en */ = {isa = PBXFileReference; lastKnownFileType = text.plist.strings; name = en; path = en.lproj/InfoPlist.strings; sourceTree = "<group>"; };
		145CDDC4190DA5E200F179E5 /* ToeTacticsTests.m */ = {isa = PBXFileReference; lastKnownFileType = sourcecode.c.objc; path = ToeTacticsTests.m; sourceTree = "<group>"; };
		145CDDCE190DAF7400F179E5 /* Media.xcassets */ = {isa = PBXFileReference; lastKnownFileType = folder.assetcatalog; path = Media.xcassets; sourceTree = "<group>"; };
		145CDDD8190DB01F00F179E5 /* Images.xcassets */ = {isa = PBXFileReference; lastKnownFileType = folder.assetcatalog; name = Images.xcassets; path = ToeTactics/Images.xcassets; sourceTree = "<group>"; };
		145CDDDA190DB55700F179E5 /* BoardCell.h */ = {isa = PBXFileReference; fileEncoding = 4; lastKnownFileType = sourcecode.c.h; path = BoardCell.h; sourceTree = "<group>"; };
		145CDDDB190DB55700F179E5 /* BoardCell.m */ = {isa = PBXFileReference; fileEncoding = 4; lastKnownFileType = sourcecode.c.objc; path = BoardCell.m; sourceTree = "<group>"; };
		145CDDDD190DCE8700F179E5 /* Player.h */ = {isa = PBXFileReference; fileEncoding = 4; lastKnownFileType = sourcecode.c.h; path = Player.h; sourceTree = "<group>"; };
		145CDDDE190DCE8700F179E5 /* Player.m */ = {isa = PBXFileReference; fileEncoding = 4; lastKnownFileType = sourcecode.c.objc; path = Player.m; sourceTree = "<group>"; };
		145CDDE0190DD5B700F179E5 /* GameController.h */ = {isa = PBXFileReference; fileEncoding = 4; lastKnownFileType = sourcecode.c.h; path = GameController.h; sourceTree = "<group>"; };
		145CDDE1190DD5B700F179E5 /* GameController.m */ = {isa = PBXFileReference; fileEncoding = 4; lastKnownFileType = sourcecode.c.objc; path = GameController.m; sourceTree = "<group>"; };
/* End PBXFileReference section */

/* Begin PBXFrameworksBuildPhase section */
		145CDD93190DA5E200F179E5 /* Frameworks */ = {
			isa = PBXFrameworksBuildPhase;
			buildActionMask = 2147483647;
			files = (
				145CDD9C190DA5E200F179E5 /* CoreGraphics.framework in Frameworks */,
				145CDD9E190DA5E200F179E5 /* UIKit.framework in Frameworks */,
				145CDD9A190DA5E200F179E5 /* Foundation.framework in Frameworks */,
			);
			runOnlyForDeploymentPostprocessing = 0;
		};
		145CDDB4190DA5E200F179E5 /* Frameworks */ = {
			isa = PBXFrameworksBuildPhase;
			buildActionMask = 2147483647;
			files = (
				145CDDB9190DA5E200F179E5 /* XCTest.framework in Frameworks */,
				145CDDBB190DA5E200F179E5 /* UIKit.framework in Frameworks */,
				145CDDBA190DA5E200F179E5 /* Foundation.framework in Frameworks */,
			);
			runOnlyForDeploymentPostprocessing = 0;
		};
/* End PBXFrameworksBuildPhase section */

/* Begin PBXGroup section */
		145CDD8D190DA5E200F179E5 = {
			isa = PBXGroup;
			children = (
				145CDDD8190DB01F00F179E5 /* Images.xcassets */,
				145CDD9F190DA5E200F179E5 /* ToeTactics */,
				145CDDBE190DA5E200F179E5 /* ToeTacticsTests */,
				145CDD98190DA5E200F179E5 /* Frameworks */,
				145CDD97190DA5E200F179E5 /* Products */,
				145CDDCE190DAF7400F179E5 /* Media.xcassets */,
			);
			sourceTree = "<group>";
		};
		145CDD97190DA5E200F179E5 /* Products */ = {
			isa = PBXGroup;
			children = (
				145CDD96190DA5E200F179E5 /* ToeTactics.app */,
				145CDDB7190DA5E200F179E5 /* ToeTacticsTests.xctest */,
			);
			name = Products;
			sourceTree = "<group>";
		};
		145CDD98190DA5E200F179E5 /* Frameworks */ = {
			isa = PBXGroup;
			children = (
				145CDD99190DA5E200F179E5 /* Foundation.framework */,
				145CDD9B190DA5E200F179E5 /* CoreGraphics.framework */,
				145CDD9D190DA5E200F179E5 /* UIKit.framework */,
				145CDDB8190DA5E200F179E5 /* XCTest.framework */,
			);
			name = Frameworks;
			sourceTree = "<group>";
		};
		145CDD9F190DA5E200F179E5 /* ToeTactics */ = {
			isa = PBXGroup;
			children = (
				145CDDE0190DD5B700F179E5 /* GameController.h */,
				145CDDE1190DD5B700F179E5 /* GameController.m */,
				145CDDDA190DB55700F179E5 /* BoardCell.h */,
				145CDDDB190DB55700F179E5 /* BoardCell.m */,
				145CDDA8190DA5E200F179E5 /* AppDelegate.h */,
				145CDDA9190DA5E200F179E5 /* AppDelegate.m */,
				145CDDAB190DA5E200F179E5 /* Main.storyboard */,
				145CDDAE190DA5E200F179E5 /* ViewController.h */,
				145CDDAF190DA5E200F179E5 /* ViewController.m */,
				145CDDDD190DCE8700F179E5 /* Player.h */,
				145CDDDE190DCE8700F179E5 /* Player.m */,
				145CDDA0190DA5E200F179E5 /* Supporting Files */,
			);
			path = ToeTactics;
			sourceTree = "<group>";
		};
		145CDDA0190DA5E200F179E5 /* Supporting Files */ = {
			isa = PBXGroup;
			children = (
				145CDDA1190DA5E200F179E5 /* ToeTactics-Info.plist */,
				145CDDA2190DA5E200F179E5 /* InfoPlist.strings */,
				145CDDA5190DA5E200F179E5 /* main.m */,
				145CDDA7190DA5E200F179E5 /* ToeTactics-Prefix.pch */,
			);
			name = "Supporting Files";
			sourceTree = "<group>";
		};
		145CDDBE190DA5E200F179E5 /* ToeTacticsTests */ = {
			isa = PBXGroup;
			children = (
				145CDDC4190DA5E200F179E5 /* ToeTacticsTests.m */,
				145CDDBF190DA5E200F179E5 /* Supporting Files */,
			);
			path = ToeTacticsTests;
			sourceTree = "<group>";
		};
		145CDDBF190DA5E200F179E5 /* Supporting Files */ = {
			isa = PBXGroup;
			children = (
				145CDDC0190DA5E200F179E5 /* ToeTacticsTests-Info.plist */,
				145CDDC1190DA5E200F179E5 /* InfoPlist.strings */,
			);
			name = "Supporting Files";
			sourceTree = "<group>";
		};
/* End PBXGroup section */

/* Begin PBXNativeTarget section */
		145CDD95190DA5E200F179E5 /* ToeTactics */ = {
			isa = PBXNativeTarget;
			buildConfigurationList = 145CDDC8190DA5E200F179E5 /* Build configuration list for PBXNativeTarget "ToeTactics" */;
			buildPhases = (
				145CDD92190DA5E200F179E5 /* Sources */,
				145CDD93190DA5E200F179E5 /* Frameworks */,
				145CDD94190DA5E200F179E5 /* Resources */,
			);
			buildRules = (
			);
			dependencies = (
			);
			name = ToeTactics;
			productName = ToeTactics;
			productReference = 145CDD96190DA5E200F179E5 /* ToeTactics.app */;
			productType = "com.apple.product-type.application";
		};
		145CDDB6190DA5E200F179E5 /* ToeTacticsTests */ = {
			isa = PBXNativeTarget;
			buildConfigurationList = 145CDDCB190DA5E200F179E5 /* Build configuration list for PBXNativeTarget "ToeTacticsTests" */;
			buildPhases = (
				145CDDB3190DA5E200F179E5 /* Sources */,
				145CDDB4190DA5E200F179E5 /* Frameworks */,
				145CDDB5190DA5E200F179E5 /* Resources */,
			);
			buildRules = (
			);
			dependencies = (
				145CDDBD190DA5E200F179E5 /* PBXTargetDependency */,
			);
			name = ToeTacticsTests;
			productName = ToeTacticsTests;
			productReference = 145CDDB7190DA5E200F179E5 /* ToeTacticsTests.xctest */;
			productType = "com.apple.product-type.bundle.unit-test";
		};
/* End PBXNativeTarget section */

/* Begin PBXProject section */
		145CDD8E190DA5E200F179E5 /* Project object */ = {
			isa = PBXProject;
			attributes = {
				LastUpgradeCheck = 0510;
				ORGANIZATIONNAME = "Louis Tur";
				TargetAttributes = {
					145CDDB6190DA5E200F179E5 = {
						TestTargetID = 145CDD95190DA5E200F179E5;
					};
				};
			};
			buildConfigurationList = 145CDD91190DA5E200F179E5 /* Build configuration list for PBXProject "ToeTactics" */;
			compatibilityVersion = "Xcode 3.2";
			developmentRegion = English;
			hasScannedForEncodings = 0;
			knownRegions = (
				en,
				Base,
			);
			mainGroup = 145CDD8D190DA5E200F179E5;
			productRefGroup = 145CDD97190DA5E200F179E5 /* Products */;
			projectDirPath = "";
			projectRoot = "";
			targets = (
				145CDD95190DA5E200F179E5 /* ToeTactics */,
				145CDDB6190DA5E200F179E5 /* ToeTacticsTests */,
			);
		};
/* End PBXProject section */

/* Begin PBXResourcesBuildPhase section */
		145CDD94190DA5E200F179E5 /* Resources */ = {
			isa = PBXResourcesBuildPhase;
			buildActionMask = 2147483647;
			files = (
				145CDDD9190DB01F00F179E5 /* Images.xcassets in Resources */,
				145CDDA4190DA5E200F179E5 /* InfoPlist.strings in Resources */,
				145CDDCF190DAF7400F179E5 /* Media.xcassets in Resources */,
				145CDDAD190DA5E200F179E5 /* Main.storyboard in Resources */,
			);
			runOnlyForDeploymentPostprocessing = 0;
		};
		145CDDB5190DA5E200F179E5 /* Resources */ = {
			isa = PBXResourcesBuildPhase;
			buildActionMask = 2147483647;
			files = (
				145CDDC3190DA5E200F179E5 /* InfoPlist.strings in Resources */,
			);
			runOnlyForDeploymentPostprocessing = 0;
		};
/* End PBXResourcesBuildPhase section */

/* Begin PBXSourcesBuildPhase section */
		145CDD92190DA5E200F179E5 /* Sources */ = {
			isa = PBXSourcesBuildPhase;
			buildActionMask = 2147483647;
			files = (
				145CDDB0190DA5E200F179E5 /* ViewController.m in Sources */,
				145CDDAA190DA5E200F179E5 /* AppDelegate.m in Sources */,
				145CDDDC190DB55700F179E5 /* BoardCell.m in Sources */,
				145CDDE2190DD5B700F179E5 /* GameController.m in Sources */,
				145CDDA6190DA5E200F179E5 /* main.m in Sources */,
				145CDDDF190DCE8700F179E5 /* Player.m in Sources */,
			);
			runOnlyForDeploymentPostprocessing = 0;
		};
		145CDDB3190DA5E200F179E5 /* Sources */ = {
			isa = PBXSourcesBuildPhase;
			buildActionMask = 2147483647;
			files = (
				145CDDC5190DA5E200F179E5 /* ToeTacticsTests.m in Sources */,
			);
			runOnlyForDeploymentPostprocessing = 0;
		};
/* End PBXSourcesBuildPhase section */

/* Begin PBXTargetDependency section */
		145CDDBD190DA5E200F179E5 /* PBXTargetDependency */ = {
			isa = PBXTargetDependency;
			target = 145CDD95190DA5E200F179E5 /* ToeTactics */;
			targetProxy = 145CDDBC190DA5E200F179E5 /* PBXContainerItemProxy */;
		};
/* End PBXTargetDependency section */

/* Begin PBXVariantGroup section */
		145CDDA2190DA5E200F179E5 /* InfoPlist.strings */ = {
			isa = PBXVariantGroup;
			children = (
				145CDDA3190DA5E200F179E5 /* en */,
			);
			name = InfoPlist.strings;
			sourceTree = "<group>";
		};
		145CDDAB190DA5E200F179E5 /* Main.storyboard */ = {
			isa = PBXVariantGroup;
			children = (
				145CDDAC190DA5E200F179E5 /* Base */,
			);
			name = Main.storyboard;
			sourceTree = "<group>";
		};
		145CDDC1190DA5E200F179E5 /* InfoPlist.strings */ = {
			isa = PBXVariantGroup;
			children = (
				145CDDC2190DA5E200F179E5 /* en */,
			);
			name = InfoPlist.strings;
			sourceTree = "<group>";
		};
/* End PBXVariantGroup section */

/* Begin XCBuildConfiguration section */
		145CDDC6190DA5E200F179E5 /* Debug */ = {
			isa = XCBuildConfiguration;
			buildSettings = {
				ALWAYS_SEARCH_USER_PATHS = NO;
				CLANG_CXX_LANGUAGE_STANDARD = "gnu++0x";
				CLANG_CXX_LIBRARY = "libc++";
				CLANG_ENABLE_MODULES = YES;
				CLANG_ENABLE_OBJC_ARC = YES;
				CLANG_WARN_BOOL_CONVERSION = YES;
				CLANG_WARN_CONSTANT_CONVERSION = YES;
				CLANG_WARN_DIRECT_OBJC_ISA_USAGE = YES_ERROR;
				CLANG_WARN_EMPTY_BODY = YES;
				CLANG_WARN_ENUM_CONVERSION = YES;
				CLANG_WARN_INT_CONVERSION = YES;
				CLANG_WARN_OBJC_ROOT_CLASS = YES_ERROR;
				CLANG_WARN__DUPLICATE_METHOD_MATCH = YES;
				"CODE_SIGN_IDENTITY[sdk=iphoneos*]" = "iPhone Developer";
				COPY_PHASE_STRIP = NO;
				GCC_C_LANGUAGE_STANDARD = gnu99;
				GCC_DYNAMIC_NO_PIC = NO;
				GCC_OPTIMIZATION_LEVEL = 0;
				GCC_PREPROCESSOR_DEFINITIONS = (
					"DEBUG=1",
					"$(inherited)",
				);
				GCC_SYMBOLS_PRIVATE_EXTERN = NO;
				GCC_WARN_64_TO_32_BIT_CONVERSION = YES;
				GCC_WARN_ABOUT_RETURN_TYPE = YES_ERROR;
				GCC_WARN_UNDECLARED_SELECTOR = YES;
				GCC_WARN_UNINITIALIZED_AUTOS = YES_AGGRESSIVE;
				GCC_WARN_UNUSED_FUNCTION = YES;
				GCC_WARN_UNUSED_VARIABLE = YES;
				IPHONEOS_DEPLOYMENT_TARGET = 7.1;
				ONLY_ACTIVE_ARCH = YES;
				SDKROOT = iphoneos;
			};
			name = Debug;
		};
		145CDDC7190DA5E200F179E5 /* Release */ = {
			isa = XCBuildConfiguration;
			buildSettings = {
				ALWAYS_SEARCH_USER_PATHS = NO;
				CLANG_CXX_LANGUAGE_STANDARD = "gnu++0x";
				CLANG_CXX_LIBRARY = "libc++";
				CLANG_ENABLE_MODULES = YES;
				CLANG_ENABLE_OBJC_ARC = YES;
				CLANG_WARN_BOOL_CONVERSION = YES;
				CLANG_WARN_CONSTANT_CONVERSION = YES;
				CLANG_WARN_DIRECT_OBJC_ISA_USAGE = YES_ERROR;
				CLANG_WARN_EMPTY_BODY = YES;
				CLANG_WARN_ENUM_CONVERSION = YES;
				CLANG_WARN_INT_CONVERSION = YES;
				CLANG_WARN_OBJC_ROOT_CLASS = YES_ERROR;
				CLANG_WARN__DUPLICATE_METHOD_MATCH = YES;
				"CODE_SIGN_IDENTITY[sdk=iphoneos*]" = "iPhone Developer";
				COPY_PHASE_STRIP = YES;
				ENABLE_NS_ASSERTIONS = NO;
				GCC_C_LANGUAGE_STANDARD = gnu99;
				GCC_WARN_64_TO_32_BIT_CONVERSION = YES;
				GCC_WARN_ABOUT_RETURN_TYPE = YES_ERROR;
				GCC_WARN_UNDECLARED_SELECTOR = YES;
				GCC_WARN_UNINITIALIZED_AUTOS = YES_AGGRESSIVE;
				GCC_WARN_UNUSED_FUNCTION = YES;
				GCC_WARN_UNUSED_VARIABLE = YES;
				IPHONEOS_DEPLOYMENT_TARGET = 7.1;
				SDKROOT = iphoneos;
				VALIDATE_PRODUCT = YES;
			};
			name = Release;
		};
		145CDDC9190DA5E200F179E5 /* Debug */ = {
			isa = XCBuildConfiguration;
			buildSettings = {
				ASSETCATALOG_COMPILER_APPICON_NAME = AppIcon;
				ASSETCATALOG_COMPILER_LAUNCHIMAGE_NAME = LaunchImage;
				GCC_PRECOMPILE_PREFIX_HEADER = YES;
				GCC_PREFIX_HEADER = "ToeTactics/ToeTactics-Prefix.pch";
				INFOPLIST_FILE = "ToeTactics/ToeTactics-Info.plist";
				PRODUCT_NAME = "$(TARGET_NAME)";
				WRAPPER_EXTENSION = app;
			};
			name = Debug;
		};
		145CDDCA190DA5E200F179E5 /* Release */ = {
			isa = XCBuildConfiguration;
			buildSettings = {
				ASSETCATALOG_COMPILER_APPICON_NAME = AppIcon;
				ASSETCATALOG_COMPILER_LAUNCHIMAGE_NAME = LaunchImage;
				GCC_PRECOMPILE_PREFIX_HEADER = YES;
				GCC_PREFIX_HEADER = "ToeTactics/ToeTactics-Prefix.pch";
				INFOPLIST_FILE = "ToeTactics/ToeTactics-Info.plist";
				PRODUCT_NAME = "$(TARGET_NAME)";
				WRAPPER_EXTENSION = app;
			};
			name = Release;
		};
		145CDDCC190DA5E200F179E5 /* Debug */ = {
			isa = XCBuildConfiguration;
			buildSettings = {
				BUNDLE_LOADER = "$(BUILT_PRODUCTS_DIR)/ToeTactics.app/ToeTactics";
				FRAMEWORK_SEARCH_PATHS = (
					"$(SDKROOT)/Developer/Library/Frameworks",
					"$(inherited)",
					"$(DEVELOPER_FRAMEWORKS_DIR)",
				);
				GCC_PRECOMPILE_PREFIX_HEADER = YES;
				GCC_PREFIX_HEADER = "ToeTactics/ToeTactics-Prefix.pch";
				GCC_PREPROCESSOR_DEFINITIONS = (
					"DEBUG=1",
					"$(inherited)",
				);
				INFOPLIST_FILE = "ToeTacticsTests/ToeTacticsTests-Info.plist";
				PRODUCT_NAME = "$(TARGET_NAME)";
				TEST_HOST = "$(BUNDLE_LOADER)";
				WRAPPER_EXTENSION = xctest;
			};
			name = Debug;
		};
		145CDDCD190DA5E200F179E5 /* Release */ = {
			isa = XCBuildConfiguration;
			buildSettings = {
				BUNDLE_LOADER = "$(BUILT_PRODUCTS_DIR)/ToeTactics.app/ToeTactics";
				FRAMEWORK_SEARCH_PATHS = (
					"$(SDKROOT)/Developer/Library/Frameworks",
					"$(inherited)",
					"$(DEVELOPER_FRAMEWORKS_DIR)",
				);
				GCC_PRECOMPILE_PREFIX_HEADER = YES;
				GCC_PREFIX_HEADER = "ToeTactics/ToeTactics-Prefix.pch";
				INFOPLIST_FILE = "ToeTacticsTests/ToeTacticsTests-Info.plist";
				PRODUCT_NAME = "$(TARGET_NAME)";
				TEST_HOST = "$(BUNDLE_LOADER)";
				WRAPPER_EXTENSION = xctest;
			};
			name = Release;
		};
/* End XCBuildConfiguration section */

/* Begin XCConfigurationList section */
		145CDD91190DA5E200F179E5 /* Build configuration list for PBXProject "ToeTactics" */ = {
			isa = XCConfigurationList;
			buildConfigurations = (
				145CDDC6190DA5E200F179E5 /* Debug */,
				145CDDC7190DA5E200F179E5 /* Release */,
			);
			defaultConfigurationIsVisible = 0;
			defaultConfigurationName = Release;
		};
		145CDDC8190DA5E200F179E5 /* Build configuration list for PBXNativeTarget "ToeTactics" */ = {
			isa = XCConfigurationList;
			buildConfigurations = (
				145CDDC9190DA5E200F179E5 /* Debug */,
				145CDDCA190DA5E200F179E5 /* Release */,
			);
			defaultConfigurationIsVisible = 0;
		};
		145CDDCB190DA5E200F179E5 /* Build configuration list for PBXNativeTarget "ToeTacticsTests" */ = {
			isa = XCConfigurationList;
			buildConfigurations = (
				145CDDCC190DA5E200F179E5 /* Debug */,
				145CDDCD190DA5E200F179E5 /* Release */,
			);
			defaultConfigurationIsVisible = 0;
		};
/* End XCConfigurationList section */
	};
	rootObject = 145CDD8E190DA5E200F179E5 /* Project object */;
}
